PODS:
  - Alamofire (4.8.1)
  - SDWebImage (4.4.6):
    - SDWebImage/Core (= 4.4.6)
  - SDWebImage/Core (4.4.6)
  - SwiftyJSON (3.1.4)

DEPENDENCIES:
  - Alamofire
  - SDWebImage
  - SwiftyJSON (= 3.1.4)

SPEC REPOS:
  https://github.com/cocoapods/specs.git:
    - Alamofire
    - SDWebImage
    - SwiftyJSON

SPEC CHECKSUMS:
  Alamofire: 16ce2c353fb72865124ddae8a57c5942388f4f11
  SDWebImage: 3f3f0c02f09798048c47a5ed0a13f17b063572d8
  SwiftyJSON: c2842d878f95482ffceec5709abc3d05680c0220

PODFILE CHECKSUM: 8b8651a795394e4e6dd2849460a7b4976bffd4f8

COCOAPODS: 1.5.3
